// !$*UTF8*$!
{
	archiveVersion = 1;
	classes = {
	};
	objectVersion = 50;
	objects = {

/* Begin PBXFileReference section */
		0347C1A5217CF2500003DEC7 /* Style.css */ = {isa = PBXFileReference; lastKnownFileType = text.css; path = Style.css; sourceTree = "<group>"; };
		0347C1A8217E0F420003DEC7 /* groupe.html */ = {isa = PBXFileReference; lastKnownFileType = text.html; path = groupe.html; sourceTree = "<group>"; };
		0347C1A9217F1C7A0003DEC7 /* Style2.css */ = {isa = PBXFileReference; lastKnownFileType = text.css; path = Style2.css; sourceTree = "<group>"; };
		036707B8217C967700E9DD6B /* index.html */ = {isa = PBXFileReference; lastKnownFileType = text.html; path = index.html; sourceTree = "<group>"; };
		036707B9217CA24900E9DD6B /* date.html */ = {isa = PBXFileReference; lastKnownFileType = text.html; path = date.html; sourceTree = "<group>"; };
/* End PBXFileReference section */

/* Begin PBXGroup section */
		036707B1217C95EA00E9DD6B = {
			isa = PBXGroup;
			children = (
				0347C1A8217E0F420003DEC7 /* groupe.html */,
				036707B9217CA24900E9DD6B /* date.html */,
				036707B8217C967700E9DD6B /* index.html */,
				0347C1A5217CF2500003DEC7 /* Style.css */,
				0347C1A9217F1C7A0003DEC7 /* Style2.css */,
			);
			sourceTree = "<group>";
		};
/* End PBXGroup section */

/* Begin PBXProject section */
		036707B2217C95EA00E9DD6B /* Project object */ = {
			isa = PBXProject;
			attributes = {
				LastUpgradeCheck = 1000;
			};
			buildConfigurationList = 036707B5217C95EA00E9DD6B /* Build configuration list for PBXProject "ShaBanD.com" */;
			compatibilityVersion = "Xcode 9.3";
			developmentRegion = en;
			hasScannedForEncodings = 0;
			knownRegions = (
				en,
			);
			mainGroup = 036707B1217C95EA00E9DD6B;
			projectDirPath = "";
			projectRoot = "";
			targets = (
			);
		};
/* End PBXProject section */

/* Begin XCBuildConfiguration section */
		036707B6217C95EA00E9DD6B /* Debug */ = {
			isa = XCBuildConfiguration;
			buildSettings = {
			};
			name = Debug;
		};
		036707B7217C95EA00E9DD6B /* Release */ = {
			isa = XCBuildConfiguration;
			buildSettings = {
			};
			name = Release;
		};
/* End XCBuildConfiguration section */

/* Begin XCConfigurationList section */
		036707B5217C95EA00E9DD6B /* Build configuration list for PBXProject "ShaBanD.com" */ = {
			isa = XCConfigurationList;
			buildConfigurations = (
				036707B6217C95EA00E9DD6B /* Debug */,
				036707B7217C95EA00E9DD6B /* Release */,
			);
			defaultConfigurationIsVisible = 0;
			defaultConfigurationName = Release;
		};
/* End XCConfigurationList section */
	};
	rootObject = 036707B2217C95EA00E9DD6B /* Project object */;
}
